
Microsoft Visual Studio Solution File, Format Version 12.00
# Visual Studio Version 17
VisualStudioVersion = 17.7.34003.232
MinimumVisualStudioVersion = 10.0.40219.1
Project("{FAE04EC0-301F-11D3-BF4B-00C04F79EFBC}") = "WebApplication1", "WebApplication1\WebApplication1.csproj", "{F5387D01-D20F-4D90-9C4B-DF31C882CDBA}"
EndProject
Global
	GlobalSection(SolutionConfigurationPlatforms) = preSolution
		Debug|Any CPU = Debug|Any CPU
		Release|Any CPU = Release|Any CPU
	EndGlobalSection
	GlobalSection(ProjectConfigurationPlatforms) = postSolution
		{F5387D01-D20F-4D90-9C4B-DF31C882CDBA}.Debug|Any CPU.ActiveCfg = Debug|Any CPU
		{F5387D01-D20F-4D90-9C4B-DF31C882CDBA}.Debug|Any CPU.Build.0 = Debug|Any CPU
		{F5387D01-D20F-4D90-9C4B-DF31C882CDBA}.Release|Any CPU.ActiveCfg = Release|Any CPU
		{F5387D01-D20F-4D90-9C4B-DF31C882CDBA}.Release|Any CPU.Build.0 = Release|Any CPU
	EndGlobalSection
	GlobalSection(SolutionProperties) = preSolution
		HideSolutionNode = FALSE
	EndGlobalSection
	GlobalSection(ExtensibilityGlobals) = postSolution
		SolutionGuid = {FB296BCB-0027-4612-81B3-AEC097B37076}
	EndGlobalSection
EndGlobal
